
Microsoft Visual Studio Solution File, Format Version 12.00
# Visual Studio Version 16
VisualStudioVersion = 16.0.31313.79
MinimumVisualStudioVersion = 10.0.40219.1
Project("{FAE04EC0-301F-11D3-BF4B-00C04F79EFBC}") = "SensitiveWord.Api", "SensitiveWord.Api\SensitiveWord.Api.csproj", "{24A79D74-6D82-4192-8ED1-D2A35367B2CA}"
EndProject
Global
	GlobalSection(SolutionConfigurationPlatforms) = preSolution
		Debug|Any CPU = Debug|Any CPU
		Release|Any CPU = Release|Any CPU
	EndGlobalSection
	GlobalSection(ProjectConfigurationPlatforms) = postSolution
		{24A79D74-6D82-4192-8ED1-D2A35367B2CA}.Debug|Any CPU.ActiveCfg = Debug|Any CPU
		{24A79D74-6D82-4192-8ED1-D2A35367B2CA}.Debug|Any CPU.Build.0 = Debug|Any CPU
		{24A79D74-6D82-4192-8ED1-D2A35367B2CA}.Release|Any CPU.ActiveCfg = Release|Any CPU
		{24A79D74-6D82-4192-8ED1-D2A35367B2CA}.Release|Any CPU.Build.0 = Release|Any CPU
	EndGlobalSection
	GlobalSection(SolutionProperties) = preSolution
		HideSolutionNode = FALSE
	EndGlobalSection
	GlobalSection(ExtensibilityGlobals) = postSolution
		SolutionGuid = {2F85C65C-91DB-46E2-9977-8B8AFC68E29F}
	EndGlobalSection
EndGlobal
